// !$*UTF8*$!
{
	archiveVersion = 1;
	classes = {
	};
	objectVersion = 50;
	objects = {

/* Begin PBXBuildFile section */
		4F0859D421C68ABE001B73DD /* ComponentCellView.swift in Sources */ = {isa = PBXBuildFile; fileRef = 4F0859D221C68ABE001B73DD /* ComponentCellView.swift */; };
		4F0859D521C68ABE001B73DD /* ComponentCellView.xib in Resources */ = {isa = PBXBuildFile; fileRef = 4F0859D321C68ABE001B73DD /* ComponentCellView.xib */; };
		4F8F7D9121C164F200E9F394 /* AppDelegate.swift in Sources */ = {isa = PBXBuildFile; fileRef = 4F8F7D9021C164F200E9F394 /* AppDelegate.swift */; };
		4F8F7D9321C164F200E9F394 /* ViewController.swift in Sources */ = {isa = PBXBuildFile; fileRef = 4F8F7D9221C164F200E9F394 /* ViewController.swift */; };
		4F8F7D9621C164F200E9F394 /* Main.storyboard in Resources */ = {isa = PBXBuildFile; fileRef = 4F8F7D9421C164F200E9F394 /* Main.storyboard */; };
		4F8F7D9821C164F300E9F394 /* Assets.xcassets in Resources */ = {isa = PBXBuildFile; fileRef = 4F8F7D9721C164F300E9F394 /* Assets.xcassets */; };
		4F8F7D9B21C164F300E9F394 /* LaunchScreen.storyboard in Resources */ = {isa = PBXBuildFile; fileRef = 4F8F7D9921C164F300E9F394 /* LaunchScreen.storyboard */; };
		4F8F7DA621C164F300E9F394 /* TaboolaTest_iosTests.swift in Sources */ = {isa = PBXBuildFile; fileRef = 4F8F7DA521C164F300E9F394 /* TaboolaTest_iosTests.swift */; };
		4F8F7DB121C164F300E9F394 /* TaboolaTest_iosUITests.swift in Sources */ = {isa = PBXBuildFile; fileRef = 4F8F7DB021C164F300E9F394 /* TaboolaTest_iosUITests.swift */; };
		4F8F7DC021C1676E00E9F394 /* TaboolaComponentCellView.swift in Sources */ = {isa = PBXBuildFile; fileRef = 4F8F7DBE21C1676E00E9F394 /* TaboolaComponentCellView.swift */; };
		4F8F7DC121C1676E00E9F394 /* TaboolaComponentCellView.xib in Resources */ = {isa = PBXBuildFile; fileRef = 4F8F7DBF21C1676E00E9F394 /* TaboolaComponentCellView.xib */; };
		80C06044C6C20FEAC865F2D7 /* Pods_TaboolaTest_ios.framework in Frameworks */ = {isa = PBXBuildFile; fileRef = 4EF3E70D978F7C03E98F4479 /* Pods_TaboolaTest_ios.framework */; };
		9D816846975B61AF6CB41C2C /* Pods_TaboolaTest_iosUITests.framework in Frameworks */ = {isa = PBXBuildFile; fileRef = F8C8A2C69C738564C930A236 /* Pods_TaboolaTest_iosUITests.framework */; };
		B2062F41EAE595C14E18F85A /* Pods_TaboolaTest_iosTests.framework in Frameworks */ = {isa = PBXBuildFile; fileRef = 1C8468708E97BC780A3DA3C0 /* Pods_TaboolaTest_iosTests.framework */; };
/* End PBXBuildFile section */

/* Begin PBXContainerItemProxy section */
		4F8F7DA221C164F300E9F394 /* PBXContainerItemProxy */ = {
			isa = PBXContainerItemProxy;
			containerPortal = 4F8F7D8521C164F200E9F394 /* Project object */;
			proxyType = 1;
			remoteGlobalIDString = 4F8F7D8C21C164F200E9F394;
			remoteInfo = TaboolaTest_ios;
		};
		4F8F7DAD21C164F300E9F394 /* PBXContainerItemProxy */ = {
			isa = PBXContainerItemProxy;
			containerPortal = 4F8F7D8521C164F200E9F394 /* Project object */;
			proxyType = 1;
			remoteGlobalIDString = 4F8F7D8C21C164F200E9F394;
			remoteInfo = TaboolaTest_ios;
		};
/* End PBXContainerItemProxy section */

/* Begin PBXFileReference section */
		10D37D1BEF2EB9194A622979 /* Pods-TaboolaTest_ios.debug.xcconfig */ = {isa = PBXFileReference; includeInIndex = 1; lastKnownFileType = text.xcconfig; name = "Pods-TaboolaTest_ios.debug.xcconfig"; path = "Pods/Target Support Files/Pods-TaboolaTest_ios/Pods-TaboolaTest_ios.debug.xcconfig"; sourceTree = "<group>"; };
		1C8468708E97BC780A3DA3C0 /* Pods_TaboolaTest_iosTests.framework */ = {isa = PBXFileReference; explicitFileType = wrapper.framework; includeInIndex = 0; path = Pods_TaboolaTest_iosTests.framework; sourceTree = BUILT_PRODUCTS_DIR; };
		1C9CB9A1893CDEF3F809F1D6 /* Pods-TaboolaTest_iosTests.release.xcconfig */ = {isa = PBXFileReference; includeInIndex = 1; lastKnownFileType = text.xcconfig; name = "Pods-TaboolaTest_iosTests.release.xcconfig"; path = "Pods/Target Support Files/Pods-TaboolaTest_iosTests/Pods-TaboolaTest_iosTests.release.xcconfig"; sourceTree = "<group>"; };
		265FDA3BE9E150DA3743F409 /* Pods-TaboolaTest_ios.release.xcconfig */ = {isa = PBXFileReference; includeInIndex = 1; lastKnownFileType = text.xcconfig; name = "Pods-TaboolaTest_ios.release.xcconfig"; path = "Pods/Target Support Files/Pods-TaboolaTest_ios/Pods-TaboolaTest_ios.release.xcconfig"; sourceTree = "<group>"; };
		4EF3E70D978F7C03E98F4479 /* Pods_TaboolaTest_ios.framework */ = {isa = PBXFileReference; explicitFileType = wrapper.framework; includeInIndex = 0; path = Pods_TaboolaTest_ios.framework; sourceTree = BUILT_PRODUCTS_DIR; };
		4F0859D221C68ABE001B73DD /* ComponentCellView.swift */ = {isa = PBXFileReference; lastKnownFileType = sourcecode.swift; path = ComponentCellView.swift; sourceTree = "<group>"; };
		4F0859D321C68ABE001B73DD /* ComponentCellView.xib */ = {isa = PBXFileReference; lastKnownFileType = file.xib; path = ComponentCellView.xib; sourceTree = "<group>"; };
		4F8F7D8D21C164F200E9F394 /* TaboolaTest_ios.app */ = {isa = PBXFileReference; explicitFileType = wrapper.application; includeInIndex = 0; path = TaboolaTest_ios.app; sourceTree = BUILT_PRODUCTS_DIR; };
		4F8F7D9021C164F200E9F394 /* AppDelegate.swift */ = {isa = PBXFileReference; lastKnownFileType = sourcecode.swift; path = AppDelegate.swift; sourceTree = "<group>"; };
		4F8F7D9221C164F200E9F394 /* ViewController.swift */ = {isa = PBXFileReference; lastKnownFileType = sourcecode.swift; path = ViewController.swift; sourceTree = "<group>"; };
		4F8F7D9521C164F200E9F394 /* Base */ = {isa = PBXFileReference; lastKnownFileType = file.storyboard; name = Base; path = Base.lproj/Main.storyboard; sourceTree = "<group>"; };
		4F8F7D9721C164F300E9F394 /* Assets.xcassets */ = {isa = PBXFileReference; lastKnownFileType = folder.assetcatalog; path = Assets.xcassets; sourceTree = "<group>"; };
		4F8F7D9A21C164F300E9F394 /* Base */ = {isa = PBXFileReference; lastKnownFileType = file.storyboard; name = Base; path = Base.lproj/LaunchScreen.storyboard; sourceTree = "<group>"; };
		4F8F7D9C21C164F300E9F394 /* Info.plist */ = {isa = PBXFileReference; lastKnownFileType = text.plist.xml; path = Info.plist; sourceTree = "<group>"; };
		4F8F7DA121C164F300E9F394 /* TaboolaTest_iosTests.xctest */ = {isa = PBXFileReference; explicitFileType = wrapper.cfbundle; includeInIndex = 0; path = TaboolaTest_iosTests.xctest; sourceTree = BUILT_PRODUCTS_DIR; };
		4F8F7DA521C164F300E9F394 /* TaboolaTest_iosTests.swift */ = {isa = PBXFileReference; lastKnownFileType = sourcecode.swift; path = TaboolaTest_iosTests.swift; sourceTree = "<group>"; };
		4F8F7DA721C164F300E9F394 /* Info.plist */ = {isa = PBXFileReference; lastKnownFileType = text.plist.xml; path = Info.plist; sourceTree = "<group>"; };
		4F8F7DAC21C164F300E9F394 /* TaboolaTest_iosUITests.xctest */ = {isa = PBXFileReference; explicitFileType = wrapper.cfbundle; includeInIndex = 0; path = TaboolaTest_iosUITests.xctest; sourceTree = BUILT_PRODUCTS_DIR; };
		4F8F7DB021C164F300E9F394 /* TaboolaTest_iosUITests.swift */ = {isa = PBXFileReference; lastKnownFileType = sourcecode.swift; path = TaboolaTest_iosUITests.swift; sourceTree = "<group>"; };
		4F8F7DB221C164F300E9F394 /* Info.plist */ = {isa = PBXFileReference; lastKnownFileType = text.plist.xml; path = Info.plist; sourceTree = "<group>"; };
		4F8F7DBE21C1676E00E9F394 /* TaboolaComponentCellView.swift */ = {isa = PBXFileReference; lastKnownFileType = sourcecode.swift; path = TaboolaComponentCellView.swift; sourceTree = "<group>"; };
		4F8F7DBF21C1676E00E9F394 /* TaboolaComponentCellView.xib */ = {isa = PBXFileReference; lastKnownFileType = file.xib; path = TaboolaComponentCellView.xib; sourceTree = "<group>"; };
		CDA23F22AE0E1B47A4211251 /* Pods-TaboolaTest_iosTests.debug.xcconfig */ = {isa = PBXFileReference; includeInIndex = 1; lastKnownFileType = text.xcconfig; name = "Pods-TaboolaTest_iosTests.debug.xcconfig"; path = "Pods/Target Support Files/Pods-TaboolaTest_iosTests/Pods-TaboolaTest_iosTests.debug.xcconfig"; sourceTree = "<group>"; };
		D29970B4559EDFF4170C5550 /* Pods-TaboolaTest_iosUITests.debug.xcconfig */ = {isa = PBXFileReference; includeInIndex = 1; lastKnownFileType = text.xcconfig; name = "Pods-TaboolaTest_iosUITests.debug.xcconfig"; path = "Pods/Target Support Files/Pods-TaboolaTest_iosUITests/Pods-TaboolaTest_iosUITests.debug.xcconfig"; sourceTree = "<group>"; };
		F86764456E14A53D824A1F78 /* Pods-TaboolaTest_iosUITests.release.xcconfig */ = {isa = PBXFileReference; includeInIndex = 1; lastKnownFileType = text.xcconfig; name = "Pods-TaboolaTest_iosUITests.release.xcconfig"; path = "Pods/Target Support Files/Pods-TaboolaTest_iosUITests/Pods-TaboolaTest_iosUITests.release.xcconfig"; sourceTree = "<group>"; };
		F8C8A2C69C738564C930A236 /* Pods_TaboolaTest_iosUITests.framework */ = {isa = PBXFileReference; explicitFileType = wrapper.framework; includeInIndex = 0; path = Pods_TaboolaTest_iosUITests.framework; sourceTree = BUILT_PRODUCTS_DIR; };
/* End PBXFileReference section */

/* Begin PBXFrameworksBuildPhase section */
		4F8F7D8A21C164F200E9F394 /* Frameworks */ = {
			isa = PBXFrameworksBuildPhase;
			buildActionMask = 2147483647;
			files = (
				80C06044C6C20FEAC865F2D7 /* Pods_TaboolaTest_ios.framework in Frameworks */,
			);
			runOnlyForDeploymentPostprocessing = 0;
		};
		4F8F7D9E21C164F300E9F394 /* Frameworks */ = {
			isa = PBXFrameworksBuildPhase;
			buildActionMask = 2147483647;
			files = (
				B2062F41EAE595C14E18F85A /* Pods_TaboolaTest_iosTests.framework in Frameworks */,
			);
			runOnlyForDeploymentPostprocessing = 0;
		};
		4F8F7DA921C164F300E9F394 /* Frameworks */ = {
			isa = PBXFrameworksBuildPhase;
			buildActionMask = 2147483647;
			files = (
				9D816846975B61AF6CB41C2C /* Pods_TaboolaTest_iosUITests.framework in Frameworks */,
			);
			runOnlyForDeploymentPostprocessing = 0;
		};
/* End PBXFrameworksBuildPhase section */

/* Begin PBXGroup section */
		4F8F7D8421C164F200E9F394 = {
			isa = PBXGroup;
			children = (
				4F8F7D8F21C164F200E9F394 /* TaboolaTest_ios */,
				4F8F7DA421C164F300E9F394 /* TaboolaTest_iosTests */,
				4F8F7DAF21C164F300E9F394 /* TaboolaTest_iosUITests */,
				4F8F7D8E21C164F200E9F394 /* Products */,
				F86AB41091FFCD19F9D32FAB /* Pods */,
				EBFC6805BC361645A2210727 /* Frameworks */,
			);
			sourceTree = "<group>";
		};
		4F8F7D8E21C164F200E9F394 /* Products */ = {
			isa = PBXGroup;
			children = (
				4F8F7D8D21C164F200E9F394 /* TaboolaTest_ios.app */,
				4F8F7DA121C164F300E9F394 /* TaboolaTest_iosTests.xctest */,
				4F8F7DAC21C164F300E9F394 /* TaboolaTest_iosUITests.xctest */,
			);
			name = Products;
			sourceTree = "<group>";
		};
		4F8F7D8F21C164F200E9F394 /* TaboolaTest_ios */ = {
			isa = PBXGroup;
			children = (
				4F8F7D9021C164F200E9F394 /* AppDelegate.swift */,
				4F8F7D9221C164F200E9F394 /* ViewController.swift */,
				4F8F7DBE21C1676E00E9F394 /* TaboolaComponentCellView.swift */,
				4F8F7DBF21C1676E00E9F394 /* TaboolaComponentCellView.xib */,
				4F0859D221C68ABE001B73DD /* ComponentCellView.swift */,
				4F0859D321C68ABE001B73DD /* ComponentCellView.xib */,
				4F8F7D9421C164F200E9F394 /* Main.storyboard */,
				4F8F7D9721C164F300E9F394 /* Assets.xcassets */,
				4F8F7D9921C164F300E9F394 /* LaunchScreen.storyboard */,
				4F8F7D9C21C164F300E9F394 /* Info.plist */,
			);
			path = TaboolaTest_ios;
			sourceTree = "<group>";
		};
		4F8F7DA421C164F300E9F394 /* TaboolaTest_iosTests */ = {
			isa = PBXGroup;
			children = (
				4F8F7DA521C164F300E9F394 /* TaboolaTest_iosTests.swift */,
				4F8F7DA721C164F300E9F394 /* Info.plist */,
			);
			path = TaboolaTest_iosTests;
			sourceTree = "<group>";
		};
		4F8F7DAF21C164F300E9F394 /* TaboolaTest_iosUITests */ = {
			isa = PBXGroup;
			children = (
				4F8F7DB021C164F300E9F394 /* TaboolaTest_iosUITests.swift */,
				4F8F7DB221C164F300E9F394 /* Info.plist */,
			);
			path = TaboolaTest_iosUITests;
			sourceTree = "<group>";
		};
		EBFC6805BC361645A2210727 /* Frameworks */ = {
			isa = PBXGroup;
			children = (
				4EF3E70D978F7C03E98F4479 /* Pods_TaboolaTest_ios.framework */,
				1C8468708E97BC780A3DA3C0 /* Pods_TaboolaTest_iosTests.framework */,
				F8C8A2C69C738564C930A236 /* Pods_TaboolaTest_iosUITests.framework */,
			);
			name = Frameworks;
			sourceTree = "<group>";
		};
		F86AB41091FFCD19F9D32FAB /* Pods */ = {
			isa = PBXGroup;
			children = (
				10D37D1BEF2EB9194A622979 /* Pods-TaboolaTest_ios.debug.xcconfig */,
				265FDA3BE9E150DA3743F409 /* Pods-TaboolaTest_ios.release.xcconfig */,
				CDA23F22AE0E1B47A4211251 /* Pods-TaboolaTest_iosTests.debug.xcconfig */,
				1C9CB9A1893CDEF3F809F1D6 /* Pods-TaboolaTest_iosTests.release.xcconfig */,
				D29970B4559EDFF4170C5550 /* Pods-TaboolaTest_iosUITests.debug.xcconfig */,
				F86764456E14A53D824A1F78 /* Pods-TaboolaTest_iosUITests.release.xcconfig */,
			);
			name = Pods;
			sourceTree = "<group>";
		};
/* End PBXGroup section */

/* Begin PBXNativeTarget section */
		4F8F7D8C21C164F200E9F394 /* TaboolaTest_ios */ = {
			isa = PBXNativeTarget;
			buildConfigurationList = 4F8F7DB521C164F300E9F394 /* Build configuration list for PBXNativeTarget "TaboolaTest_ios" */;
			buildPhases = (
				978D1581E7AD9DA26640CCB3 /* [CP] Check Pods Manifest.lock */,
				4F8F7D8921C164F200E9F394 /* Sources */,
				4F8F7D8A21C164F200E9F394 /* Frameworks */,
				4F8F7D8B21C164F200E9F394 /* Resources */,
				01F426A2AEEE45FF1206674C /* [CP] Copy Pods Resources */,
			);
			buildRules = (
			);
			dependencies = (
			);
			name = TaboolaTest_ios;
			productName = TaboolaTest_ios;
			productReference = 4F8F7D8D21C164F200E9F394 /* TaboolaTest_ios.app */;
			productType = "com.apple.product-type.application";
		};
		4F8F7DA021C164F300E9F394 /* TaboolaTest_iosTests */ = {
			isa = PBXNativeTarget;
			buildConfigurationList = 4F8F7DB821C164F300E9F394 /* Build configuration list for PBXNativeTarget "TaboolaTest_iosTests" */;
			buildPhases = (
				185F52515BEF356E476D484C /* [CP] Check Pods Manifest.lock */,
				4F8F7D9D21C164F300E9F394 /* Sources */,
				4F8F7D9E21C164F300E9F394 /* Frameworks */,
				4F8F7D9F21C164F300E9F394 /* Resources */,
			);
			buildRules = (
			);
			dependencies = (
				4F8F7DA321C164F300E9F394 /* PBXTargetDependency */,
			);
			name = TaboolaTest_iosTests;
			productName = TaboolaTest_iosTests;
			productReference = 4F8F7DA121C164F300E9F394 /* TaboolaTest_iosTests.xctest */;
			productType = "com.apple.product-type.bundle.unit-test";
		};
		4F8F7DAB21C164F300E9F394 /* TaboolaTest_iosUITests */ = {
			isa = PBXNativeTarget;
			buildConfigurationList = 4F8F7DBB21C164F300E9F394 /* Build configuration list for PBXNativeTarget "TaboolaTest_iosUITests" */;
			buildPhases = (
				C892A1059E70546BD1340AB7 /* [CP] Check Pods Manifest.lock */,
				4F8F7DA821C164F300E9F394 /* Sources */,
				4F8F7DA921C164F300E9F394 /* Frameworks */,
				4F8F7DAA21C164F300E9F394 /* Resources */,
			);
			buildRules = (
			);
			dependencies = (
				4F8F7DAE21C164F300E9F394 /* PBXTargetDependency */,
			);
			name = TaboolaTest_iosUITests;
			productName = TaboolaTest_iosUITests;
			productReference = 4F8F7DAC21C164F300E9F394 /* TaboolaTest_iosUITests.xctest */;
			productType = "com.apple.product-type.bundle.ui-testing";
		};
/* End PBXNativeTarget section */

/* Begin PBXProject section */
		4F8F7D8521C164F200E9F394 /* Project object */ = {
			isa = PBXProject;
			attributes = {
				LastSwiftUpdateCheck = 1010;
				LastUpgradeCheck = 1010;
				ORGANIZATIONNAME = yit;
				TargetAttributes = {
					4F8F7D8C21C164F200E9F394 = {
						CreatedOnToolsVersion = 10.1;
					};
					4F8F7DA021C164F300E9F394 = {
						CreatedOnToolsVersion = 10.1;
						TestTargetID = 4F8F7D8C21C164F200E9F394;
					};
					4F8F7DAB21C164F300E9F394 = {
						CreatedOnToolsVersion = 10.1;
						TestTargetID = 4F8F7D8C21C164F200E9F394;
					};
				};
			};
			buildConfigurationList = 4F8F7D8821C164F200E9F394 /* Build configuration list for PBXProject "TaboolaTest_ios" */;
			compatibilityVersion = "Xcode 9.3";
			developmentRegion = en;
			hasScannedForEncodings = 0;
			knownRegions = (
				en,
				Base,
			);
			mainGroup = 4F8F7D8421C164F200E9F394;
			productRefGroup = 4F8F7D8E21C164F200E9F394 /* Products */;
			projectDirPath = "";
			projectRoot = "";
			targets = (
				4F8F7D8C21C164F200E9F394 /* TaboolaTest_ios */,
				4F8F7DA021C164F300E9F394 /* TaboolaTest_iosTests */,
				4F8F7DAB21C164F300E9F394 /* TaboolaTest_iosUITests */,
			);
		};
/* End PBXProject section */

/* Begin PBXResourcesBuildPhase section */
		4F8F7D8B21C164F200E9F394 /* Resources */ = {
			isa = PBXResourcesBuildPhase;
			buildActionMask = 2147483647;
			files = (
				4F8F7D9B21C164F300E9F394 /* LaunchScreen.storyboard in Resources */,
				4F8F7DC121C1676E00E9F394 /* TaboolaComponentCellView.xib in Resources */,
				4F8F7D9821C164F300E9F394 /* Assets.xcassets in Resources */,
				4F8F7D9621C164F200E9F394 /* Main.storyboard in Resources */,
				4F0859D521C68ABE001B73DD /* ComponentCellView.xib in Resources */,
			);
			runOnlyForDeploymentPostprocessing = 0;
		};
		4F8F7D9F21C164F300E9F394 /* Resources */ = {
			isa = PBXResourcesBuildPhase;
			buildActionMask = 2147483647;
			files = (
			);
			runOnlyForDeploymentPostprocessing = 0;
		};
		4F8F7DAA21C164F300E9F394 /* Resources */ = {
			isa = PBXResourcesBuildPhase;
			buildActionMask = 2147483647;
			files = (
			);
			runOnlyForDeploymentPostprocessing = 0;
		};
/* End PBXResourcesBuildPhase section */

/* Begin PBXShellScriptBuildPhase section */
		01F426A2AEEE45FF1206674C /* [CP] Copy Pods Resources */ = {
			isa = PBXShellScriptBuildPhase;
			buildActionMask = 2147483647;
			files = (
			);
			inputFileListPaths = (
			);
			inputPaths = (
				"${SRCROOT}/Pods/Target Support Files/Pods-TaboolaTest_ios/Pods-TaboolaTest_ios-resources.sh",
				"${PODS_ROOT}/TaboolaSDK/TaboolaSDK.framework/Versions/A/TaboolaResources/TaboolaVIewResources.bundle",
			);
			name = "[CP] Copy Pods Resources";
			outputFileListPaths = (
			);
			outputPaths = (
				"${TARGET_BUILD_DIR}/${UNLOCALIZED_RESOURCES_FOLDER_PATH}/TaboolaVIewResources.bundle",
			);
			runOnlyForDeploymentPostprocessing = 0;
			shellPath = /bin/sh;
			shellScript = "\"${SRCROOT}/Pods/Target Support Files/Pods-TaboolaTest_ios/Pods-TaboolaTest_ios-resources.sh\"\n";
			showEnvVarsInLog = 0;
		};
		185F52515BEF356E476D484C /* [CP] Check Pods Manifest.lock */ = {
			isa = PBXShellScriptBuildPhase;
			buildActionMask = 2147483647;
			files = (
			);
			inputFileListPaths = (
			);
			inputPaths = (
				"${PODS_PODFILE_DIR_PATH}/Podfile.lock",
				"${PODS_ROOT}/Manifest.lock",
			);
			name = "[CP] Check Pods Manifest.lock";
			outputFileListPaths = (
			);
			outputPaths = (
				"$(DERIVED_FILE_DIR)/Pods-TaboolaTest_iosTests-checkManifestLockResult.txt",
			);
			runOnlyForDeploymentPostprocessing = 0;
			shellPath = /bin/sh;
			shellScript = "diff \"${PODS_PODFILE_DIR_PATH}/Podfile.lock\" \"${PODS_ROOT}/Manifest.lock\" > /dev/null\nif [ $? != 0 ] ; then\n    # print error to STDERR\n    echo \"error: The sandbox is not in sync with the Podfile.lock. Run 'pod install' or update your CocoaPods installation.\" >&2\n    exit 1\nfi\n# This output is used by Xcode 'outputs' to avoid re-running this script phase.\necho \"SUCCESS\" > \"${SCRIPT_OUTPUT_FILE_0}\"\n";
			showEnvVarsInLog = 0;
		};
		978D1581E7AD9DA26640CCB3 /* [CP] Check Pods Manifest.lock */ = {
			isa = PBXShellScriptBuildPhase;
			buildActionMask = 2147483647;
			files = (
			);
			inputFileListPaths = (
			);
			inputPaths = (
				"${PODS_PODFILE_DIR_PATH}/Podfile.lock",
				"${PODS_ROOT}/Manifest.lock",
			);
			name = "[CP] Check Pods Manifest.lock";
			outputFileListPaths = (
			);
			outputPaths = (
				"$(DERIVED_FILE_DIR)/Pods-TaboolaTest_ios-checkManifestLockResult.txt",
			);
			runOnlyForDeploymentPostprocessing = 0;
			shellPath = /bin/sh;
			shellScript = "diff \"${PODS_PODFILE_DIR_PATH}/Podfile.lock\" \"${PODS_ROOT}/Manifest.lock\" > /dev/null\nif [ $? != 0 ] ; then\n    # print error to STDERR\n    echo \"error: The sandbox is not in sync with the Podfile.lock. Run 'pod install' or update your CocoaPods installation.\" >&2\n    exit 1\nfi\n# This output is used by Xcode 'outputs' to avoid re-running this script phase.\necho \"SUCCESS\" > \"${SCRIPT_OUTPUT_FILE_0}\"\n";
			showEnvVarsInLog = 0;
		};
		C892A1059E70546BD1340AB7 /* [CP] Check Pods Manifest.lock */ = {
			isa = PBXShellScriptBuildPhase;
			buildActionMask = 2147483647;
			files = (
			);
			inputFileListPaths = (
			);
			inputPaths = (
				"${PODS_PODFILE_DIR_PATH}/Podfile.lock",
				"${PODS_ROOT}/Manifest.lock",
			);
			name = "[CP] Check Pods Manifest.lock";
			outputFileListPaths = (
			);
			outputPaths = (
				"$(DERIVED_FILE_DIR)/Pods-TaboolaTest_iosUITests-checkManifestLockResult.txt",
			);
			runOnlyForDeploymentPostprocessing = 0;
			shellPath = /bin/sh;
			shellScript = "diff \"${PODS_PODFILE_DIR_PATH}/Podfile.lock\" \"${PODS_ROOT}/Manifest.lock\" > /dev/null\nif [ $? != 0 ] ; then\n    # print error to STDERR\n    echo \"error: The sandbox is not in sync with the Podfile.lock. Run 'pod install' or update your CocoaPods installation.\" >&2\n    exit 1\nfi\n# This output is used by Xcode 'outputs' to avoid re-running this script phase.\necho \"SUCCESS\" > \"${SCRIPT_OUTPUT_FILE_0}\"\n";
			showEnvVarsInLog = 0;
		};
/* End PBXShellScriptBuildPhase section */

/* Begin PBXSourcesBuildPhase section */
		4F8F7D8921C164F200E9F394 /* Sources */ = {
			isa = PBXSourcesBuildPhase;
			buildActionMask = 2147483647;
			files = (
				4F0859D421C68ABE001B73DD /* ComponentCellView.swift in Sources */,
				4F8F7D9321C164F200E9F394 /* ViewController.swift in Sources */,
				4F8F7DC021C1676E00E9F394 /* TaboolaComponentCellView.swift in Sources */,
				4F8F7D9121C164F200E9F394 /* AppDelegate.swift in Sources */,
			);
			runOnlyForDeploymentPostprocessing = 0;
		};
		4F8F7D9D21C164F300E9F394 /* Sources */ = {
			isa = PBXSourcesBuildPhase;
			buildActionMask = 2147483647;
			files = (
				4F8F7DA621C164F300E9F394 /* TaboolaTest_iosTests.swift in Sources */,
			);
			runOnlyForDeploymentPostprocessing = 0;
		};
		4F8F7DA821C164F300E9F394 /* Sources */ = {
			isa = PBXSourcesBuildPhase;
			buildActionMask = 2147483647;
			files = (
				4F8F7DB121C164F300E9F394 /* TaboolaTest_iosUITests.swift in Sources */,
			);
			runOnlyForDeploymentPostprocessing = 0;
		};
/* End PBXSourcesBuildPhase section */

/* Begin PBXTargetDependency section */
		4F8F7DA321C164F300E9F394 /* PBXTargetDependency */ = {
			isa = PBXTargetDependency;
			target = 4F8F7D8C21C164F200E9F394 /* TaboolaTest_ios */;
			targetProxy = 4F8F7DA221C164F300E9F394 /* PBXContainerItemProxy */;
		};
		4F8F7DAE21C164F300E9F394 /* PBXTargetDependency */ = {
			isa = PBXTargetDependency;
			target = 4F8F7D8C21C164F200E9F394 /* TaboolaTest_ios */;
			targetProxy = 4F8F7DAD21C164F300E9F394 /* PBXContainerItemProxy */;
		};
/* End PBXTargetDependency section */

/* Begin PBXVariantGroup section */
		4F8F7D9421C164F200E9F394 /* Main.storyboard */ = {
			isa = PBXVariantGroup;
			children = (
				4F8F7D9521C164F200E9F394 /* Base */,
			);
			name = Main.storyboard;
			sourceTree = "<group>";
		};
		4F8F7D9921C164F300E9F394 /* LaunchScreen.storyboard */ = {
			isa = PBXVariantGroup;
			children = (
				4F8F7D9A21C164F300E9F394 /* Base */,
			);
			name = LaunchScreen.storyboard;
			sourceTree = "<group>";
		};
/* End PBXVariantGroup section */

/* Begin XCBuildConfiguration section */
		4F8F7DB321C164F300E9F394 /* Debug */ = {
			isa = XCBuildConfiguration;
			buildSettings = {
				ALWAYS_SEARCH_USER_PATHS = NO;
				CLANG_ANALYZER_NONNULL = YES;
				CLANG_ANALYZER_NUMBER_OBJECT_CONVERSION = YES_AGGRESSIVE;
				CLANG_CXX_LANGUAGE_STANDARD = "gnu++14";
				CLANG_CXX_LIBRARY = "libc++";
				CLANG_ENABLE_MODULES = YES;
				CLANG_ENABLE_OBJC_ARC = YES;
				CLANG_ENABLE_OBJC_WEAK = YES;
				CLANG_WARN_BLOCK_CAPTURE_AUTORELEASING = YES;
				CLANG_WARN_BOOL_CONVERSION = YES;
				CLANG_WARN_COMMA = YES;
				CLANG_WARN_CONSTANT_CONVERSION = YES;
				CLANG_WARN_DEPRECATED_OBJC_IMPLEMENTATIONS = YES;
				CLANG_WARN_DIRECT_OBJC_ISA_USAGE = YES_ERROR;
				CLANG_WARN_DOCUMENTATION_COMMENTS = YES;
				CLANG_WARN_EMPTY_BODY = YES;
				CLANG_WARN_ENUM_CONVERSION = YES;
				CLANG_WARN_INFINITE_RECURSION = YES;
				CLANG_WARN_INT_CONVERSION = YES;
				CLANG_WARN_NON_LITERAL_NULL_CONVERSION = YES;
				CLANG_WARN_OBJC_IMPLICIT_RETAIN_SELF = YES;
				CLANG_WARN_OBJC_LITERAL_CONVERSION = YES;
				CLANG_WARN_OBJC_ROOT_CLASS = YES_ERROR;
				CLANG_WARN_RANGE_LOOP_ANALYSIS = YES;
				CLANG_WARN_STRICT_PROTOTYPES = YES;
				CLANG_WARN_SUSPICIOUS_MOVE = YES;
				CLANG_WARN_UNGUARDED_AVAILABILITY = YES_AGGRESSIVE;
				CLANG_WARN_UNREACHABLE_CODE = YES;
				CLANG_WARN__DUPLICATE_METHOD_MATCH = YES;
				CODE_SIGN_IDENTITY = "iPhone Developer";
				COPY_PHASE_STRIP = NO;
				DEBUG_INFORMATION_FORMAT = dwarf;
				ENABLE_STRICT_OBJC_MSGSEND = YES;
				ENABLE_TESTABILITY = YES;
				GCC_C_LANGUAGE_STANDARD = gnu11;
				GCC_DYNAMIC_NO_PIC = NO;
				GCC_NO_COMMON_BLOCKS = YES;
				GCC_OPTIMIZATION_LEVEL = 0;
				GCC_PREPROCESSOR_DEFINITIONS = (
					"DEBUG=1",
					"$(inherited)",
				);
				GCC_WARN_64_TO_32_BIT_CONVERSION = YES;
				GCC_WARN_ABOUT_RETURN_TYPE = YES_ERROR;
				GCC_WARN_UNDECLARED_SELECTOR = YES;
				GCC_WARN_UNINITIALIZED_AUTOS = YES_AGGRESSIVE;
				GCC_WARN_UNUSED_FUNCTION = YES;
				GCC_WARN_UNUSED_VARIABLE = YES;
				IPHONEOS_DEPLOYMENT_TARGET = 12.1;
				MTL_ENABLE_DEBUG_INFO = INCLUDE_SOURCE;
				MTL_FAST_MATH = YES;
				ONLY_ACTIVE_ARCH = YES;
				SDKROOT = iphoneos;
				SWIFT_ACTIVE_COMPILATION_CONDITIONS = DEBUG;
				SWIFT_OPTIMIZATION_LEVEL = "-Onone";
			};
			name = Debug;
		};
		4F8F7DB421C164F300E9F394 /* Release */ = {
			isa = XCBuildConfiguration;
			buildSettings = {
				ALWAYS_SEARCH_USER_PATHS = NO;
				CLANG_ANALYZER_NONNULL = YES;
				CLANG_ANALYZER_NUMBER_OBJECT_CONVERSION = YES_AGGRESSIVE;
				CLANG_CXX_LANGUAGE_STANDARD = "gnu++14";
				CLANG_CXX_LIBRARY = "libc++";
				CLANG_ENABLE_MODULES = YES;
				CLANG_ENABLE_OBJC_ARC = YES;
				CLANG_ENABLE_OBJC_WEAK = YES;
				CLANG_WARN_BLOCK_CAPTURE_AUTORELEASING = YES;
				CLANG_WARN_BOOL_CONVERSION = YES;
				CLANG_WARN_COMMA = YES;
				CLANG_WARN_CONSTANT_CONVERSION = YES;
				CLANG_WARN_DEPRECATED_OBJC_IMPLEMENTATIONS = YES;
				CLANG_WARN_DIRECT_OBJC_ISA_USAGE = YES_ERROR;
				CLANG_WARN_DOCUMENTATION_COMMENTS = YES;
				CLANG_WARN_EMPTY_BODY = YES;
				CLANG_WARN_ENUM_CONVERSION = YES;
				CLANG_WARN_INFINITE_RECURSION = YES;
				CLANG_WARN_INT_CONVERSION = YES;
				CLANG_WARN_NON_LITERAL_NULL_CONVERSION = YES;
				CLANG_WARN_OBJC_IMPLICIT_RETAIN_SELF = YES;
				CLANG_WARN_OBJC_LITERAL_CONVERSION = YES;
				CLANG_WARN_OBJC_ROOT_CLASS = YES_ERROR;
				CLANG_WARN_RANGE_LOOP_ANALYSIS = YES;
				CLANG_WARN_STRICT_PROTOTYPES = YES;
				CLANG_WARN_SUSPICIOUS_MOVE = YES;
				CLANG_WARN_UNGUARDED_AVAILABILITY = YES_AGGRESSIVE;
				CLANG_WARN_UNREACHABLE_CODE = YES;
				CLANG_WARN__DUPLICATE_METHOD_MATCH = YES;
				CODE_SIGN_IDENTITY = "iPhone Developer";
				COPY_PHASE_STRIP = NO;
				DEBUG_INFORMATION_FORMAT = "dwarf-with-dsym";
				ENABLE_NS_ASSERTIONS = NO;
				ENABLE_STRICT_OBJC_MSGSEND = YES;
				GCC_C_LANGUAGE_STANDARD = gnu11;
				GCC_NO_COMMON_BLOCKS = YES;
				GCC_WARN_64_TO_32_BIT_CONVERSION = YES;
				GCC_WARN_ABOUT_RETURN_TYPE = YES_ERROR;
				GCC_WARN_UNDECLARED_SELECTOR = YES;
				GCC_WARN_UNINITIALIZED_AUTOS = YES_AGGRESSIVE;
				GCC_WARN_UNUSED_FUNCTION = YES;
				GCC_WARN_UNUSED_VARIABLE = YES;
				IPHONEOS_DEPLOYMENT_TARGET = 12.1;
				MTL_ENABLE_DEBUG_INFO = NO;
				MTL_FAST_MATH = YES;
				SDKROOT = iphoneos;
				SWIFT_COMPILATION_MODE = wholemodule;
				SWIFT_OPTIMIZATION_LEVEL = "-O";
				VALIDATE_PRODUCT = YES;
			};
			name = Release;
		};
		4F8F7DB621C164F300E9F394 /* Debug */ = {
			isa = XCBuildConfiguration;
			baseConfigurationReference = 10D37D1BEF2EB9194A622979 /* Pods-TaboolaTest_ios.debug.xcconfig */;
			buildSettings = {
				ASSETCATALOG_COMPILER_APPICON_NAME = AppIcon;
				CODE_SIGN_STYLE = Automatic;
				DEVELOPMENT_TEAM = P9NXMMW4SZ;
				INFOPLIST_FILE = TaboolaTest_ios/Info.plist;
				LD_RUNPATH_SEARCH_PATHS = (
					"$(inherited)",
					"@executable_path/Frameworks",
				);
				PRODUCT_BUNDLE_IDENTIFIER = "yit.TaboolaTest-ios";
				PRODUCT_NAME = "$(TARGET_NAME)";
				SWIFT_VERSION = 4.2;
				TARGETED_DEVICE_FAMILY = "1,2";
			};
			name = Debug;
		};
		4F8F7DB721C164F300E9F394 /* Release */ = {
			isa = XCBuildConfiguration;
			baseConfigurationReference = 265FDA3BE9E150DA3743F409 /* Pods-TaboolaTest_ios.release.xcconfig */;
			buildSettings = {
				ASSETCATALOG_COMPILER_APPICON_NAME = AppIcon;
				CODE_SIGN_STYLE = Automatic;
				DEVELOPMENT_TEAM = P9NXMMW4SZ;
				INFOPLIST_FILE = TaboolaTest_ios/Info.plist;
				LD_RUNPATH_SEARCH_PATHS = (
					"$(inherited)",
					"@executable_path/Frameworks",
				);
				PRODUCT_BUNDLE_IDENTIFIER = "yit.TaboolaTest-ios";
				PRODUCT_NAME = "$(TARGET_NAME)";
				SWIFT_VERSION = 4.2;
				TARGETED_DEVICE_FAMILY = "1,2";
			};
			name = Release;
		};
		4F8F7DB921C164F300E9F394 /* Debug */ = {
			isa = XCBuildConfiguration;
			baseConfigurationReference = CDA23F22AE0E1B47A4211251 /* Pods-TaboolaTest_iosTests.debug.xcconfig */;
			buildSettings = {
				ALWAYS_EMBED_SWIFT_STANDARD_LIBRARIES = YES;
				BUNDLE_LOADER = "$(TEST_HOST)";
				CODE_SIGN_STYLE = Automatic;
				DEVELOPMENT_TEAM = P9NXMMW4SZ;
				INFOPLIST_FILE = TaboolaTest_iosTests/Info.plist;
				LD_RUNPATH_SEARCH_PATHS = (
					"$(inherited)",
					"@executable_path/Frameworks",
					"@loader_path/Frameworks",
				);
				PRODUCT_BUNDLE_IDENTIFIER = "yit.TaboolaTest-iosTests";
				PRODUCT_NAME = "$(TARGET_NAME)";
				SWIFT_VERSION = 4.2;
				TARGETED_DEVICE_FAMILY = "1,2";
				TEST_HOST = "$(BUILT_PRODUCTS_DIR)/TaboolaTest_ios.app/TaboolaTest_ios";
			};
			name = Debug;
		};
		4F8F7DBA21C164F300E9F394 /* Release */ = {
			isa = XCBuildConfiguration;
			baseConfigurationReference = 1C9CB9A1893CDEF3F809F1D6 /* Pods-TaboolaTest_iosTests.release.xcconfig */;
			buildSettings = {
				ALWAYS_EMBED_SWIFT_STANDARD_LIBRARIES = YES;
				BUNDLE_LOADER = "$(TEST_HOST)";
				CODE_SIGN_STYLE = Automatic;
				DEVELOPMENT_TEAM = P9NXMMW4SZ;
				INFOPLIST_FILE = TaboolaTest_iosTests/Info.plist;
				LD_RUNPATH_SEARCH_PATHS = (
					"$(inherited)",
					"@executable_path/Frameworks",
					"@loader_path/Frameworks",
				);
				PRODUCT_BUNDLE_IDENTIFIER = "yit.TaboolaTest-iosTests";
				PRODUCT_NAME = "$(TARGET_NAME)";
				SWIFT_VERSION = 4.2;
				TARGETED_DEVICE_FAMILY = "1,2";
				TEST_HOST = "$(BUILT_PRODUCTS_DIR)/TaboolaTest_ios.app/TaboolaTest_ios";
			};
			name = Release;
		};
		4F8F7DBC21C164F300E9F394 /* Debug */ = {
			isa = XCBuildConfiguration;
			baseConfigurationReference = D29970B4559EDFF4170C5550 /* Pods-TaboolaTest_iosUITests.debug.xcconfig */;
			buildSettings = {
				ALWAYS_EMBED_SWIFT_STANDARD_LIBRARIES = YES;
				CODE_SIGN_STYLE = Automatic;
				DEVELOPMENT_TEAM = P9NXMMW4SZ;
				INFOPLIST_FILE = TaboolaTest_iosUITests/Info.plist;
				LD_RUNPATH_SEARCH_PATHS = (
					"$(inherited)",
					"@executable_path/Frameworks",
					"@loader_path/Frameworks",
				);
				PRODUCT_BUNDLE_IDENTIFIER = "yit.TaboolaTest-iosUITests";
				PRODUCT_NAME = "$(TARGET_NAME)";
				SWIFT_VERSION = 4.2;
				TARGETED_DEVICE_FAMILY = "1,2";
				TEST_TARGET_NAME = TaboolaTest_ios;
			};
			name = Debug;
		};
		4F8F7DBD21C164F300E9F394 /* Release */ = {
			isa = XCBuildConfiguration;
			baseConfigurationReference = F86764456E14A53D824A1F78 /* Pods-TaboolaTest_iosUITests.release.xcconfig */;
			buildSettings = {
				ALWAYS_EMBED_SWIFT_STANDARD_LIBRARIES = YES;
				CODE_SIGN_STYLE = Automatic;
				DEVELOPMENT_TEAM = P9NXMMW4SZ;
				INFOPLIST_FILE = TaboolaTest_iosUITests/Info.plist;
				LD_RUNPATH_SEARCH_PATHS = (
					"$(inherited)",
					"@executable_path/Frameworks",
					"@loader_path/Frameworks",
				);
				PRODUCT_BUNDLE_IDENTIFIER = "yit.TaboolaTest-iosUITests";
				PRODUCT_NAME = "$(TARGET_NAME)";
				SWIFT_VERSION = 4.2;
				TARGETED_DEVICE_FAMILY = "1,2";
				TEST_TARGET_NAME = TaboolaTest_ios;
			};
			name = Release;
		};
/* End XCBuildConfiguration section */

/* Begin XCConfigurationList section */
		4F8F7D8821C164F200E9F394 /* Build configuration list for PBXProject "TaboolaTest_ios" */ = {
			isa = XCConfigurationList;
			buildConfigurations = (
				4F8F7DB321C164F300E9F394 /* Debug */,
				4F8F7DB421C164F300E9F394 /* Release */,
			);
			defaultConfigurationIsVisible = 0;
			defaultConfigurationName = Release;
		};
		4F8F7DB521C164F300E9F394 /* Build configuration list for PBXNativeTarget "TaboolaTest_ios" */ = {
			isa = XCConfigurationList;
			buildConfigurations = (
				4F8F7DB621C164F300E9F394 /* Debug */,
				4F8F7DB721C164F300E9F394 /* Release */,
			);
			defaultConfigurationIsVisible = 0;
			defaultConfigurationName = Release;
		};
		4F8F7DB821C164F300E9F394 /* Build configuration list for PBXNativeTarget "TaboolaTest_iosTests" */ = {
			isa = XCConfigurationList;
			buildConfigurations = (
				4F8F7DB921C164F300E9F394 /* Debug */,
				4F8F7DBA21C164F300E9F394 /* Release */,
			);
			defaultConfigurationIsVisible = 0;
			defaultConfigurationName = Release;
		};
		4F8F7DBB21C164F300E9F394 /* Build configuration list for PBXNativeTarget "TaboolaTest_iosUITests" */ = {
			isa = XCConfigurationList;
			buildConfigurations = (
				4F8F7DBC21C164F300E9F394 /* Debug */,
				4F8F7DBD21C164F300E9F394 /* Release */,
			);
			defaultConfigurationIsVisible = 0;
			defaultConfigurationName = Release;
		};
/* End XCConfigurationList section */
	};
	rootObject = 4F8F7D8521C164F200E9F394 /* Project object */;
}
